// !$*UTF8*$!
{
	archiveVersion = 1;
	classes = {
	};
	objectVersion = 48;
	objects = {

/* Begin PBXBuildFile section */
		1810A6CB2021591F001487B0 /* SetLockCell.m in Sources */ = {isa = PBXBuildFile; fileRef = 1810A6C92021591F001487B0 /* SetLockCell.m */; };
		1810A6CC2021591F001487B0 /* SetLockCell.xib in Resources */ = {isa = PBXBuildFile; fileRef = 1810A6CA2021591F001487B0 /* SetLockCell.xib */; };
		1810A6D0202161D0001487B0 /* SetDetailVC.m in Sources */ = {isa = PBXBuildFile; fileRef = 1810A6CE202161D0001487B0 /* SetDetailVC.m */; };
		1810A6D1202161D0001487B0 /* SetDetailVC.xib in Resources */ = {isa = PBXBuildFile; fileRef = 1810A6CF202161D0001487B0 /* SetDetailVC.xib */; };
		1810A6D720217B25001487B0 /* SwipeUpInteractiveTransition.m in Sources */ = {isa = PBXBuildFile; fileRef = 1810A6D320217B25001487B0 /* SwipeUpInteractiveTransition.m */; };
		1810A6D820217B25001487B0 /* PresentTransformAnimation.m in Sources */ = {isa = PBXBuildFile; fileRef = 1810A6D620217B25001487B0 /* PresentTransformAnimation.m */; };
		1810A6DE20217D16001487B0 /* UIView+KGViewExtend.m in Sources */ = {isa = PBXBuildFile; fileRef = 1810A6DD20217D16001487B0 /* UIView+KGViewExtend.m */; };
		1810A6E12021A398001487B0 /* CNDataBase.m in Sources */ = {isa = PBXBuildFile; fileRef = 1810A6E02021A398001487B0 /* CNDataBase.m */; };
		186E8385201DD937008D08B1 /* SVProgressHUD.m in Sources */ = {isa = PBXBuildFile; fileRef = 186E8382201DD937008D08B1 /* SVProgressHUD.m */; };
		186E8386201DD937008D08B1 /* SVIndefiniteAnimatedView.m in Sources */ = {isa = PBXBuildFile; fileRef = 186E8383201DD937008D08B1 /* SVIndefiniteAnimatedView.m */; };
		186E8387201DD937008D08B1 /* SVProgressHUD.bundle in Resources */ = {isa = PBXBuildFile; fileRef = 186E8384201DD937008D08B1 /* SVProgressHUD.bundle */; };
		186E838B201EBFAF008D08B1 /* HomeViewController.m in Sources */ = {isa = PBXBuildFile; fileRef = 186E8389201EBFAF008D08B1 /* HomeViewController.m */; };
		186E838C201EBFAF008D08B1 /* HomeViewController.xib in Resources */ = {isa = PBXBuildFile; fileRef = 186E838A201EBFAF008D08B1 /* HomeViewController.xib */; };
		186E8390201EBFC3008D08B1 /* SetViewController.m in Sources */ = {isa = PBXBuildFile; fileRef = 186E838E201EBFC3008D08B1 /* SetViewController.m */; };
		186E8391201EBFC3008D08B1 /* SetViewController.xib in Resources */ = {isa = PBXBuildFile; fileRef = 186E838F201EBFC3008D08B1 /* SetViewController.xib */; };
		186E8395201EBFDA008D08B1 /* HelpViewController.m in Sources */ = {isa = PBXBuildFile; fileRef = 186E8393201EBFDA008D08B1 /* HelpViewController.m */; };
		186E8396201EBFDA008D08B1 /* HelpViewController.xib in Resources */ = {isa = PBXBuildFile; fileRef = 186E8394201EBFDA008D08B1 /* HelpViewController.xib */; };
		186E8399201EE3C5008D08B1 /* CNAlertView.m in Sources */ = {isa = PBXBuildFile; fileRef = 186E8398201EE3C5008D08B1 /* CNAlertView.m */; };
		186E839B201EE3EC008D08B1 /* CNAlertView.xib in Resources */ = {isa = PBXBuildFile; fileRef = 186E839A201EE3EC008D08B1 /* CNAlertView.xib */; };
		186FCD6B201FF4E400A16E87 /* LockCell.m in Sources */ = {isa = PBXBuildFile; fileRef = 186FCD69201FF4E400A16E87 /* LockCell.m */; };
		186FCD6C201FF4E400A16E87 /* LockCell.xib in Resources */ = {isa = PBXBuildFile; fileRef = 186FCD6A201FF4E400A16E87 /* LockCell.xib */; };
		186FCD702020577300A16E87 /* CNPeripheralModel.m in Sources */ = {isa = PBXBuildFile; fileRef = 186FCD6F2020577300A16E87 /* CNPeripheralModel.m */; };
		186FCD732020603500A16E87 /* CNBlueManager.m in Sources */ = {isa = PBXBuildFile; fileRef = 186FCD722020603500A16E87 /* CNBlueManager.m */; };
		18C3A675201AB10600999678 /* AppDelegate.m in Sources */ = {isa = PBXBuildFile; fileRef = 18C3A674201AB10600999678 /* AppDelegate.m */; };
		18C3A678201AB10600999678 /* ViewController.m in Sources */ = {isa = PBXBuildFile; fileRef = 18C3A677201AB10600999678 /* ViewController.m */; };
		18C3A67B201AB10600999678 /* Main.storyboard in Resources */ = {isa = PBXBuildFile; fileRef = 18C3A679201AB10600999678 /* Main.storyboard */; };
		18C3A67D201AB10600999678 /* Assets.xcassets in Resources */ = {isa = PBXBuildFile; fileRef = 18C3A67C201AB10600999678 /* Assets.xcassets */; };
		18C3A680201AB10600999678 /* LaunchScreen.storyboard in Resources */ = {isa = PBXBuildFile; fileRef = 18C3A67E201AB10600999678 /* LaunchScreen.storyboard */; };
		18C3A683201AB10600999678 /* main.m in Sources */ = {isa = PBXBuildFile; fileRef = 18C3A682201AB10600999678 /* main.m */; };
		18C3A68D201AB10600999678 /* CNCoreBluetoothUITests.m in Sources */ = {isa = PBXBuildFile; fileRef = 18C3A68C201AB10600999678 /* CNCoreBluetoothUITests.m */; };
		7703C1B32B53266D2DBFDCC0 /* libPods-CNCoreBluetooth.a in Frameworks */ = {isa = PBXBuildFile; fileRef = F67CEB15F66AF85FFA8E4DFD /* libPods-CNCoreBluetooth.a */; };
/* End PBXBuildFile section */

/* Begin PBXContainerItemProxy section */
		18C3A689201AB10600999678 /* PBXContainerItemProxy */ = {
			isa = PBXContainerItemProxy;
			containerPortal = 18C3A668201AB10600999678 /* Project object */;
			proxyType = 1;
			remoteGlobalIDString = 18C3A66F201AB10600999678;
			remoteInfo = CNCoreBluetooth;
		};
/* End PBXContainerItemProxy section */

/* Begin PBXFileReference section */
		1810A6C82021591F001487B0 /* SetLockCell.h */ = {isa = PBXFileReference; lastKnownFileType = sourcecode.c.h; path = SetLockCell.h; sourceTree = "<group>"; };
		1810A6C92021591F001487B0 /* SetLockCell.m */ = {isa = PBXFileReference; lastKnownFileType = sourcecode.c.objc; path = SetLockCell.m; sourceTree = "<group>"; };
		1810A6CA2021591F001487B0 /* SetLockCell.xib */ = {isa = PBXFileReference; lastKnownFileType = file.xib; path = SetLockCell.xib; sourceTree = "<group>"; };
		1810A6CD202161D0001487B0 /* SetDetailVC.h */ = {isa = PBXFileReference; lastKnownFileType = sourcecode.c.h; path = SetDetailVC.h; sourceTree = "<group>"; };
		1810A6CE202161D0001487B0 /* SetDetailVC.m */ = {isa = PBXFileReference; lastKnownFileType = sourcecode.c.objc; path = SetDetailVC.m; sourceTree = "<group>"; };
		1810A6CF202161D0001487B0 /* SetDetailVC.xib */ = {isa = PBXFileReference; lastKnownFileType = file.xib; path = SetDetailVC.xib; sourceTree = "<group>"; };
		1810A6D320217B25001487B0 /* SwipeUpInteractiveTransition.m */ = {isa = PBXFileReference; fileEncoding = 4; lastKnownFileType = sourcecode.c.objc; path = SwipeUpInteractiveTransition.m; sourceTree = "<group>"; };
		1810A6D420217B25001487B0 /* PresentTransformAnimation.h */ = {isa = PBXFileReference; fileEncoding = 4; lastKnownFileType = sourcecode.c.h; path = PresentTransformAnimation.h; sourceTree = "<group>"; };
		1810A6D520217B25001487B0 /* SwipeUpInteractiveTransition.h */ = {isa = PBXFileReference; fileEncoding = 4; lastKnownFileType = sourcecode.c.h; path = SwipeUpInteractiveTransition.h; sourceTree = "<group>"; };
		1810A6D620217B25001487B0 /* PresentTransformAnimation.m */ = {isa = PBXFileReference; fileEncoding = 4; lastKnownFileType = sourcecode.c.objc; path = PresentTransformAnimation.m; sourceTree = "<group>"; };
		1810A6DC20217D16001487B0 /* UIView+KGViewExtend.h */ = {isa = PBXFileReference; fileEncoding = 4; lastKnownFileType = sourcecode.c.h; path = "UIView+KGViewExtend.h"; sourceTree = "<group>"; };
		1810A6DD20217D16001487B0 /* UIView+KGViewExtend.m */ = {isa = PBXFileReference; fileEncoding = 4; lastKnownFileType = sourcecode.c.objc; path = "UIView+KGViewExtend.m"; sourceTree = "<group>"; };
		1810A6DF2021A398001487B0 /* CNDataBase.h */ = {isa = PBXFileReference; lastKnownFileType = sourcecode.c.h; path = CNDataBase.h; sourceTree = "<group>"; };
		1810A6E02021A398001487B0 /* CNDataBase.m */ = {isa = PBXFileReference; lastKnownFileType = sourcecode.c.objc; path = CNDataBase.m; sourceTree = "<group>"; };
		186E8380201DD937008D08B1 /* SVIndefiniteAnimatedView.h */ = {isa = PBXFileReference; fileEncoding = 4; lastKnownFileType = sourcecode.c.h; path = SVIndefiniteAnimatedView.h; sourceTree = "<group>"; };
		186E8381201DD937008D08B1 /* SVProgressHUD.h */ = {isa = PBXFileReference; fileEncoding = 4; lastKnownFileType = sourcecode.c.h; path = SVProgressHUD.h; sourceTree = "<group>"; };
		186E8382201DD937008D08B1 /* SVProgressHUD.m */ = {isa = PBXFileReference; fileEncoding = 4; lastKnownFileType = sourcecode.c.objc; path = SVProgressHUD.m; sourceTree = "<group>"; };
		186E8383201DD937008D08B1 /* SVIndefiniteAnimatedView.m */ = {isa = PBXFileReference; fileEncoding = 4; lastKnownFileType = sourcecode.c.objc; path = SVIndefiniteAnimatedView.m; sourceTree = "<group>"; };
		186E8384201DD937008D08B1 /* SVProgressHUD.bundle */ = {isa = PBXFileReference; lastKnownFileType = "wrapper.plug-in"; path = SVProgressHUD.bundle; sourceTree = "<group>"; };
		186E8388201EBFAF008D08B1 /* HomeViewController.h */ = {isa = PBXFileReference; lastKnownFileType = sourcecode.c.h; path = HomeViewController.h; sourceTree = "<group>"; };
		186E8389201EBFAF008D08B1 /* HomeViewController.m */ = {isa = PBXFileReference; lastKnownFileType = sourcecode.c.objc; path = HomeViewController.m; sourceTree = "<group>"; };
		186E838A201EBFAF008D08B1 /* HomeViewController.xib */ = {isa = PBXFileReference; lastKnownFileType = file.xib; path = HomeViewController.xib; sourceTree = "<group>"; };
		186E838D201EBFC3008D08B1 /* SetViewController.h */ = {isa = PBXFileReference; lastKnownFileType = sourcecode.c.h; path = SetViewController.h; sourceTree = "<group>"; };
		186E838E201EBFC3008D08B1 /* SetViewController.m */ = {isa = PBXFileReference; lastKnownFileType = sourcecode.c.objc; path = SetViewController.m; sourceTree = "<group>"; };
		186E838F201EBFC3008D08B1 /* SetViewController.xib */ = {isa = PBXFileReference; lastKnownFileType = file.xib; path = SetViewController.xib; sourceTree = "<group>"; };
		186E8392201EBFDA008D08B1 /* HelpViewController.h */ = {isa = PBXFileReference; lastKnownFileType = sourcecode.c.h; path = HelpViewController.h; sourceTree = "<group>"; };
		186E8393201EBFDA008D08B1 /* HelpViewController.m */ = {isa = PBXFileReference; lastKnownFileType = sourcecode.c.objc; path = HelpViewController.m; sourceTree = "<group>"; };
		186E8394201EBFDA008D08B1 /* HelpViewController.xib */ = {isa = PBXFileReference; lastKnownFileType = file.xib; path = HelpViewController.xib; sourceTree = "<group>"; };
		186E8397201EE3C5008D08B1 /* CNAlertView.h */ = {isa = PBXFileReference; lastKnownFileType = sourcecode.c.h; path = CNAlertView.h; sourceTree = "<group>"; };
		186E8398201EE3C5008D08B1 /* CNAlertView.m */ = {isa = PBXFileReference; lastKnownFileType = sourcecode.c.objc; path = CNAlertView.m; sourceTree = "<group>"; };
		186E839A201EE3EC008D08B1 /* CNAlertView.xib */ = {isa = PBXFileReference; lastKnownFileType = file.xib; path = CNAlertView.xib; sourceTree = "<group>"; };
		186E839C201EEB16008D08B1 /* PrefixHeader.pch */ = {isa = PBXFileReference; lastKnownFileType = sourcecode.c.h; path = PrefixHeader.pch; sourceTree = "<group>"; };
		186FCD68201FF4E400A16E87 /* LockCell.h */ = {isa = PBXFileReference; lastKnownFileType = sourcecode.c.h; path = LockCell.h; sourceTree = "<group>"; };
		186FCD69201FF4E400A16E87 /* LockCell.m */ = {isa = PBXFileReference; lastKnownFileType = sourcecode.c.objc; path = LockCell.m; sourceTree = "<group>"; };
		186FCD6A201FF4E400A16E87 /* LockCell.xib */ = {isa = PBXFileReference; lastKnownFileType = file.xib; path = LockCell.xib; sourceTree = "<group>"; };
		186FCD6E2020577300A16E87 /* CNPeripheralModel.h */ = {isa = PBXFileReference; lastKnownFileType = sourcecode.c.h; path = CNPeripheralModel.h; sourceTree = "<group>"; };
		186FCD6F2020577300A16E87 /* CNPeripheralModel.m */ = {isa = PBXFileReference; lastKnownFileType = sourcecode.c.objc; path = CNPeripheralModel.m; sourceTree = "<group>"; };
		186FCD712020603500A16E87 /* CNBlueManager.h */ = {isa = PBXFileReference; fileEncoding = 4; lastKnownFileType = sourcecode.c.h; path = CNBlueManager.h; sourceTree = "<group>"; };
		186FCD722020603500A16E87 /* CNBlueManager.m */ = {isa = PBXFileReference; fileEncoding = 4; lastKnownFileType = sourcecode.c.objc; path = CNBlueManager.m; sourceTree = "<group>"; };
		18C3A670201AB10600999678 /* CNCoreBluetooth.app */ = {isa = PBXFileReference; explicitFileType = wrapper.application; includeInIndex = 0; path = CNCoreBluetooth.app; sourceTree = BUILT_PRODUCTS_DIR; };
		18C3A673201AB10600999678 /* AppDelegate.h */ = {isa = PBXFileReference; lastKnownFileType = sourcecode.c.h; path = AppDelegate.h; sourceTree = "<group>"; };
		18C3A674201AB10600999678 /* AppDelegate.m */ = {isa = PBXFileReference; lastKnownFileType = sourcecode.c.objc; path = AppDelegate.m; sourceTree = "<group>"; };
		18C3A676201AB10600999678 /* ViewController.h */ = {isa = PBXFileReference; lastKnownFileType = sourcecode.c.h; path = ViewController.h; sourceTree = "<group>"; };
		18C3A677201AB10600999678 /* ViewController.m */ = {isa = PBXFileReference; lastKnownFileType = sourcecode.c.objc; path = ViewController.m; sourceTree = "<group>"; };
		18C3A67A201AB10600999678 /* Base */ = {isa = PBXFileReference; lastKnownFileType = file.storyboard; name = Base; path = Base.lproj/Main.storyboard; sourceTree = "<group>"; };
		18C3A67C201AB10600999678 /* Assets.xcassets */ = {isa = PBXFileReference; lastKnownFileType = folder.assetcatalog; path = Assets.xcassets; sourceTree = "<group>"; };
		18C3A67F201AB10600999678 /* Base */ = {isa = PBXFileReference; lastKnownFileType = file.storyboard; name = Base; path = Base.lproj/LaunchScreen.storyboard; sourceTree = "<group>"; };
		18C3A681201AB10600999678 /* Info.plist */ = {isa = PBXFileReference; lastKnownFileType = text.plist.xml; path = Info.plist; sourceTree = "<group>"; };
		18C3A682201AB10600999678 /* main.m */ = {isa = PBXFileReference; lastKnownFileType = sourcecode.c.objc; path = main.m; sourceTree = "<group>"; };
		18C3A688201AB10600999678 /* CNCoreBluetoothUITests.xctest */ = {isa = PBXFileReference; explicitFileType = wrapper.cfbundle; includeInIndex = 0; path = CNCoreBluetoothUITests.xctest; sourceTree = BUILT_PRODUCTS_DIR; };
		18C3A68C201AB10600999678 /* CNCoreBluetoothUITests.m */ = {isa = PBXFileReference; lastKnownFileType = sourcecode.c.objc; path = CNCoreBluetoothUITests.m; sourceTree = "<group>"; };
		18C3A68E201AB10600999678 /* Info.plist */ = {isa = PBXFileReference; lastKnownFileType = text.plist.xml; path = Info.plist; sourceTree = "<group>"; };
		552EB7769CEF286813A857E9 /* Pods-CNCoreBluetooth.release.xcconfig */ = {isa = PBXFileReference; includeInIndex = 1; lastKnownFileType = text.xcconfig; name = "Pods-CNCoreBluetooth.release.xcconfig"; path = "Pods/Target Support Files/Pods-CNCoreBluetooth/Pods-CNCoreBluetooth.release.xcconfig"; sourceTree = "<group>"; };
		C7C971532DED831BDA9F16F6 /* Pods-CNCoreBluetooth.debug.xcconfig */ = {isa = PBXFileReference; includeInIndex = 1; lastKnownFileType = text.xcconfig; name = "Pods-CNCoreBluetooth.debug.xcconfig"; path = "Pods/Target Support Files/Pods-CNCoreBluetooth/Pods-CNCoreBluetooth.debug.xcconfig"; sourceTree = "<group>"; };
		F67CEB15F66AF85FFA8E4DFD /* libPods-CNCoreBluetooth.a */ = {isa = PBXFileReference; explicitFileType = archive.ar; includeInIndex = 0; path = "libPods-CNCoreBluetooth.a"; sourceTree = BUILT_PRODUCTS_DIR; };
/* End PBXFileReference section */

/* Begin PBXFrameworksBuildPhase section */
		18C3A66D201AB10600999678 /* Frameworks */ = {
			isa = PBXFrameworksBuildPhase;
			buildActionMask = 2147483647;
			files = (
				7703C1B32B53266D2DBFDCC0 /* libPods-CNCoreBluetooth.a in Frameworks */,
			);
			runOnlyForDeploymentPostprocessing = 0;
		};
		18C3A685201AB10600999678 /* Frameworks */ = {
			isa = PBXFrameworksBuildPhase;
			buildActionMask = 2147483647;
			files = (
			);
			runOnlyForDeploymentPostprocessing = 0;
		};
/* End PBXFrameworksBuildPhase section */

/* Begin PBXGroup section */
		1810A6D220217B25001487B0 /* TransitionAnimation */ = {
			isa = PBXGroup;
			children = (
				1810A6D320217B25001487B0 /* SwipeUpInteractiveTransition.m */,
				1810A6D420217B25001487B0 /* PresentTransformAnimation.h */,
				1810A6D520217B25001487B0 /* SwipeUpInteractiveTransition.h */,
				1810A6D620217B25001487B0 /* PresentTransformAnimation.m */,
			);
			path = TransitionAnimation;
			sourceTree = "<group>";
		};
		186E837F201DD937008D08B1 /* SVProgressHUD */ = {
			isa = PBXGroup;
			children = (
				186E8380201DD937008D08B1 /* SVIndefiniteAnimatedView.h */,
				186E8381201DD937008D08B1 /* SVProgressHUD.h */,
				186E8382201DD937008D08B1 /* SVProgressHUD.m */,
				186E8383201DD937008D08B1 /* SVIndefiniteAnimatedView.m */,
				186E8384201DD937008D08B1 /* SVProgressHUD.bundle */,
			);
			path = SVProgressHUD;
			sourceTree = "<group>";
		};
		186FCD66201FF2DF00A16E87 /* Function */ = {
			isa = PBXGroup;
			children = (
				186E8388201EBFAF008D08B1 /* HomeViewController.h */,
				186E8389201EBFAF008D08B1 /* HomeViewController.m */,
				186E838A201EBFAF008D08B1 /* HomeViewController.xib */,
				186E838D201EBFC3008D08B1 /* SetViewController.h */,
				186E838E201EBFC3008D08B1 /* SetViewController.m */,
				186E838F201EBFC3008D08B1 /* SetViewController.xib */,
				186E8392201EBFDA008D08B1 /* HelpViewController.h */,
				186E8393201EBFDA008D08B1 /* HelpViewController.m */,
				186E8394201EBFDA008D08B1 /* HelpViewController.xib */,
				186FCD68201FF4E400A16E87 /* LockCell.h */,
				186FCD69201FF4E400A16E87 /* LockCell.m */,
				186FCD6A201FF4E400A16E87 /* LockCell.xib */,
				1810A6C82021591F001487B0 /* SetLockCell.h */,
				1810A6C92021591F001487B0 /* SetLockCell.m */,
				1810A6CA2021591F001487B0 /* SetLockCell.xib */,
				1810A6CD202161D0001487B0 /* SetDetailVC.h */,
				1810A6CE202161D0001487B0 /* SetDetailVC.m */,
				1810A6CF202161D0001487B0 /* SetDetailVC.xib */,
			);
			name = Function;
			sourceTree = "<group>";
		};
		186FCD67201FF35300A16E87 /* Utility */ = {
			isa = PBXGroup;
			children = (
				1810A6D220217B25001487B0 /* TransitionAnimation */,
				186FCD712020603500A16E87 /* CNBlueManager.h */,
				186FCD722020603500A16E87 /* CNBlueManager.m */,
				1810A6DF2021A398001487B0 /* CNDataBase.h */,
				1810A6E02021A398001487B0 /* CNDataBase.m */,
				186E8397201EE3C5008D08B1 /* CNAlertView.h */,
				186E8398201EE3C5008D08B1 /* CNAlertView.m */,
				186E839A201EE3EC008D08B1 /* CNAlertView.xib */,
				186E839C201EEB16008D08B1 /* PrefixHeader.pch */,
				1810A6DC20217D16001487B0 /* UIView+KGViewExtend.h */,
				1810A6DD20217D16001487B0 /* UIView+KGViewExtend.m */,
			);
			name = Utility;
			sourceTree = "<group>";
		};
		186FCD6D2020574300A16E87 /* Models */ = {
			isa = PBXGroup;
			children = (
				186FCD6E2020577300A16E87 /* CNPeripheralModel.h */,
				186FCD6F2020577300A16E87 /* CNPeripheralModel.m */,
			);
			path = Models;
			sourceTree = "<group>";
		};
		18C3A667201AB10600999678 = {
			isa = PBXGroup;
			children = (
				18C3A672201AB10600999678 /* CNCoreBluetooth */,
				18C3A68B201AB10600999678 /* CNCoreBluetoothUITests */,
				18C3A671201AB10600999678 /* Products */,
				1D5FB52DC18D3D657DB8D8FF /* Pods */,
				3DBE1E4FCAB536674645C97B /* Frameworks */,
			);
			sourceTree = "<group>";
		};
		18C3A671201AB10600999678 /* Products */ = {
			isa = PBXGroup;
			children = (
				18C3A670201AB10600999678 /* CNCoreBluetooth.app */,
				18C3A688201AB10600999678 /* CNCoreBluetoothUITests.xctest */,
			);
			name = Products;
			sourceTree = "<group>";
		};
		18C3A672201AB10600999678 /* CNCoreBluetooth */ = {
			isa = PBXGroup;
			children = (
				186FCD6D2020574300A16E87 /* Models */,
				186FCD67201FF35300A16E87 /* Utility */,
				186FCD66201FF2DF00A16E87 /* Function */,
				186E837F201DD937008D08B1 /* SVProgressHUD */,
				18C3A673201AB10600999678 /* AppDelegate.h */,
				18C3A674201AB10600999678 /* AppDelegate.m */,
				18C3A676201AB10600999678 /* ViewController.h */,
				18C3A677201AB10600999678 /* ViewController.m */,
				18C3A679201AB10600999678 /* Main.storyboard */,
				18C3A67C201AB10600999678 /* Assets.xcassets */,
				18C3A67E201AB10600999678 /* LaunchScreen.storyboard */,
				18C3A681201AB10600999678 /* Info.plist */,
				18C3A682201AB10600999678 /* main.m */,
			);
			path = CNCoreBluetooth;
			sourceTree = "<group>";
		};
		18C3A68B201AB10600999678 /* CNCoreBluetoothUITests */ = {
			isa = PBXGroup;
			children = (
				18C3A68C201AB10600999678 /* CNCoreBluetoothUITests.m */,
				18C3A68E201AB10600999678 /* Info.plist */,
			);
			path = CNCoreBluetoothUITests;
			sourceTree = "<group>";
		};
		1D5FB52DC18D3D657DB8D8FF /* Pods */ = {
			isa = PBXGroup;
			children = (
				C7C971532DED831BDA9F16F6 /* Pods-CNCoreBluetooth.debug.xcconfig */,
				552EB7769CEF286813A857E9 /* Pods-CNCoreBluetooth.release.xcconfig */,
			);
			name = Pods;
			sourceTree = "<group>";
		};
		3DBE1E4FCAB536674645C97B /* Frameworks */ = {
			isa = PBXGroup;
			children = (
				F67CEB15F66AF85FFA8E4DFD /* libPods-CNCoreBluetooth.a */,
			);
			name = Frameworks;
			sourceTree = "<group>";
		};
/* End PBXGroup section */

/* Begin PBXNativeTarget section */
		18C3A66F201AB10600999678 /* CNCoreBluetooth */ = {
			isa = PBXNativeTarget;
			buildConfigurationList = 18C3A691201AB10600999678 /* Build configuration list for PBXNativeTarget "CNCoreBluetooth" */;
			buildPhases = (
				65DD33C2E761F90FE781DD06 /* [CP] Check Pods Manifest.lock */,
				18C3A66C201AB10600999678 /* Sources */,
				18C3A66D201AB10600999678 /* Frameworks */,
				18C3A66E201AB10600999678 /* Resources */,
				4D36E248C97057C09927D8A4 /* [CP] Embed Pods Frameworks */,
				5E04A9F07C17E8217AF198FD /* [CP] Copy Pods Resources */,
			);
			buildRules = (
			);
			dependencies = (
			);
			name = CNCoreBluetooth;
			productName = CNCoreBluetooth;
			productReference = 18C3A670201AB10600999678 /* CNCoreBluetooth.app */;
			productType = "com.apple.product-type.application";
		};
		18C3A687201AB10600999678 /* CNCoreBluetoothUITests */ = {
			isa = PBXNativeTarget;
			buildConfigurationList = 18C3A694201AB10600999678 /* Build configuration list for PBXNativeTarget "CNCoreBluetoothUITests" */;
			buildPhases = (
				18C3A684201AB10600999678 /* Sources */,
				18C3A685201AB10600999678 /* Frameworks */,
				18C3A686201AB10600999678 /* Resources */,
			);
			buildRules = (
			);
			dependencies = (
				18C3A68A201AB10600999678 /* PBXTargetDependency */,
			);
			name = CNCoreBluetoothUITests;
			productName = CNCoreBluetoothUITests;
			productReference = 18C3A688201AB10600999678 /* CNCoreBluetoothUITests.xctest */;
			productType = "com.apple.product-type.bundle.ui-testing";
		};
/* End PBXNativeTarget section */

/* Begin PBXProject section */
		18C3A668201AB10600999678 /* Project object */ = {
			isa = PBXProject;
			attributes = {
				LastUpgradeCheck = 0920;
				ORGANIZATIONNAME = apple;
				TargetAttributes = {
					18C3A66F201AB10600999678 = {
						CreatedOnToolsVersion = 9.2;
						ProvisioningStyle = Automatic;
					};
					18C3A687201AB10600999678 = {
						CreatedOnToolsVersion = 9.2;
						ProvisioningStyle = Automatic;
						TestTargetID = 18C3A66F201AB10600999678;
					};
				};
			};
			buildConfigurationList = 18C3A66B201AB10600999678 /* Build configuration list for PBXProject "CNCoreBluetooth" */;
			compatibilityVersion = "Xcode 8.0";
			developmentRegion = en;
			hasScannedForEncodings = 0;
			knownRegions = (
				en,
				Base,
			);
			mainGroup = 18C3A667201AB10600999678;
			productRefGroup = 18C3A671201AB10600999678 /* Products */;
			projectDirPath = "";
			projectRoot = "";
			targets = (
				18C3A66F201AB10600999678 /* CNCoreBluetooth */,
				18C3A687201AB10600999678 /* CNCoreBluetoothUITests */,
			);
		};
/* End PBXProject section */

/* Begin PBXResourcesBuildPhase section */
		18C3A66E201AB10600999678 /* Resources */ = {
			isa = PBXResourcesBuildPhase;
			buildActionMask = 2147483647;
			files = (
				18C3A680201AB10600999678 /* LaunchScreen.storyboard in Resources */,
				1810A6D1202161D0001487B0 /* SetDetailVC.xib in Resources */,
				18C3A67D201AB10600999678 /* Assets.xcassets in Resources */,
				186E838C201EBFAF008D08B1 /* HomeViewController.xib in Resources */,
				1810A6CC2021591F001487B0 /* SetLockCell.xib in Resources */,
				18C3A67B201AB10600999678 /* Main.storyboard in Resources */,
				186E839B201EE3EC008D08B1 /* CNAlertView.xib in Resources */,
				186FCD6C201FF4E400A16E87 /* LockCell.xib in Resources */,
				186E8387201DD937008D08B1 /* SVProgressHUD.bundle in Resources */,
				186E8396201EBFDA008D08B1 /* HelpViewController.xib in Resources */,
				186E8391201EBFC3008D08B1 /* SetViewController.xib in Resources */,
			);
			runOnlyForDeploymentPostprocessing = 0;
		};
		18C3A686201AB10600999678 /* Resources */ = {
			isa = PBXResourcesBuildPhase;
			buildActionMask = 2147483647;
			files = (
			);
			runOnlyForDeploymentPostprocessing = 0;
		};
/* End PBXResourcesBuildPhase section */

/* Begin PBXShellScriptBuildPhase section */
		4D36E248C97057C09927D8A4 /* [CP] Embed Pods Frameworks */ = {
			isa = PBXShellScriptBuildPhase;
			buildActionMask = 2147483647;
			files = (
			);
			inputPaths = (
			);
			name = "[CP] Embed Pods Frameworks";
			outputPaths = (
			);
			runOnlyForDeploymentPostprocessing = 0;
			shellPath = /bin/sh;
			shellScript = "\"${SRCROOT}/Pods/Target Support Files/Pods-CNCoreBluetooth/Pods-CNCoreBluetooth-frameworks.sh\"\n";
			showEnvVarsInLog = 0;
		};
		5E04A9F07C17E8217AF198FD /* [CP] Copy Pods Resources */ = {
			isa = PBXShellScriptBuildPhase;
			buildActionMask = 2147483647;
			files = (
			);
			inputPaths = (
			);
			name = "[CP] Copy Pods Resources";
			outputPaths = (
			);
			runOnlyForDeploymentPostprocessing = 0;
			shellPath = /bin/sh;
			shellScript = "\"${SRCROOT}/Pods/Target Support Files/Pods-CNCoreBluetooth/Pods-CNCoreBluetooth-resources.sh\"\n";
			showEnvVarsInLog = 0;
		};
		65DD33C2E761F90FE781DD06 /* [CP] Check Pods Manifest.lock */ = {
			isa = PBXShellScriptBuildPhase;
			buildActionMask = 2147483647;
			files = (
			);
			inputPaths = (
			);
			name = "[CP] Check Pods Manifest.lock";
			outputPaths = (
			);
			runOnlyForDeploymentPostprocessing = 0;
			shellPath = /bin/sh;
			shellScript = "diff \"${PODS_PODFILE_DIR_PATH}/Podfile.lock\" \"${PODS_ROOT}/Manifest.lock\" > /dev/null\nif [ $? != 0 ] ; then\n    # print error to STDERR\n    echo \"error: The sandbox is not in sync with the Podfile.lock. Run 'pod install' or update your CocoaPods installation.\" >&2\n    exit 1\nfi\n";
			showEnvVarsInLog = 0;
		};
/* End PBXShellScriptBuildPhase section */

/* Begin PBXSourcesBuildPhase section */
		18C3A66C201AB10600999678 /* Sources */ = {
			isa = PBXSourcesBuildPhase;
			buildActionMask = 2147483647;
			files = (
				186FCD702020577300A16E87 /* CNPeripheralModel.m in Sources */,
				1810A6CB2021591F001487B0 /* SetLockCell.m in Sources */,
				186E8386201DD937008D08B1 /* SVIndefiniteAnimatedView.m in Sources */,
				1810A6D820217B25001487B0 /* PresentTransformAnimation.m in Sources */,
				18C3A678201AB10600999678 /* ViewController.m in Sources */,
				1810A6D0202161D0001487B0 /* SetDetailVC.m in Sources */,
				186E8385201DD937008D08B1 /* SVProgressHUD.m in Sources */,
				186E8399201EE3C5008D08B1 /* CNAlertView.m in Sources */,
				186E8390201EBFC3008D08B1 /* SetViewController.m in Sources */,
				1810A6D720217B25001487B0 /* SwipeUpInteractiveTransition.m in Sources */,
				186FCD6B201FF4E400A16E87 /* LockCell.m in Sources */,
				18C3A683201AB10600999678 /* main.m in Sources */,
				1810A6DE20217D16001487B0 /* UIView+KGViewExtend.m in Sources */,
				1810A6E12021A398001487B0 /* CNDataBase.m in Sources */,
				18C3A675201AB10600999678 /* AppDelegate.m in Sources */,
				186E838B201EBFAF008D08B1 /* HomeViewController.m in Sources */,
				186FCD732020603500A16E87 /* CNBlueManager.m in Sources */,
				186E8395201EBFDA008D08B1 /* HelpViewController.m in Sources */,
			);
			runOnlyForDeploymentPostprocessing = 0;
		};
		18C3A684201AB10600999678 /* Sources */ = {
			isa = PBXSourcesBuildPhase;
			buildActionMask = 2147483647;
			files = (
				18C3A68D201AB10600999678 /* CNCoreBluetoothUITests.m in Sources */,
			);
			runOnlyForDeploymentPostprocessing = 0;
		};
/* End PBXSourcesBuildPhase section */

/* Begin PBXTargetDependency section */
		18C3A68A201AB10600999678 /* PBXTargetDependency */ = {
			isa = PBXTargetDependency;
			target = 18C3A66F201AB10600999678 /* CNCoreBluetooth */;
			targetProxy = 18C3A689201AB10600999678 /* PBXContainerItemProxy */;
		};
/* End PBXTargetDependency section */

/* Begin PBXVariantGroup section */
		18C3A679201AB10600999678 /* Main.storyboard */ = {
			isa = PBXVariantGroup;
			children = (
				18C3A67A201AB10600999678 /* Base */,
			);
			name = Main.storyboard;
			sourceTree = "<group>";
		};
		18C3A67E201AB10600999678 /* LaunchScreen.storyboard */ = {
			isa = PBXVariantGroup;
			children = (
				18C3A67F201AB10600999678 /* Base */,
			);
			name = LaunchScreen.storyboard;
			sourceTree = "<group>";
		};
/* End PBXVariantGroup section */

/* Begin XCBuildConfiguration section */
		18C3A68F201AB10600999678 /* Debug */ = {
			isa = XCBuildConfiguration;
			buildSettings = {
				ALWAYS_SEARCH_USER_PATHS = NO;
				CLANG_ANALYZER_NONNULL = YES;
				CLANG_ANALYZER_NUMBER_OBJECT_CONVERSION = YES_AGGRESSIVE;
				CLANG_CXX_LANGUAGE_STANDARD = "gnu++14";
				CLANG_CXX_LIBRARY = "libc++";
				CLANG_ENABLE_MODULES = YES;
				CLANG_ENABLE_OBJC_ARC = YES;
				CLANG_WARN_BLOCK_CAPTURE_AUTORELEASING = YES;
				CLANG_WARN_BOOL_CONVERSION = YES;
				CLANG_WARN_COMMA = YES;
				CLANG_WARN_CONSTANT_CONVERSION = YES;
				CLANG_WARN_DIRECT_OBJC_ISA_USAGE = YES_ERROR;
				CLANG_WARN_DOCUMENTATION_COMMENTS = YES;
				CLANG_WARN_EMPTY_BODY = YES;
				CLANG_WARN_ENUM_CONVERSION = YES;
				CLANG_WARN_INFINITE_RECURSION = YES;
				CLANG_WARN_INT_CONVERSION = YES;
				CLANG_WARN_NON_LITERAL_NULL_CONVERSION = YES;
				CLANG_WARN_OBJC_LITERAL_CONVERSION = YES;
				CLANG_WARN_OBJC_ROOT_CLASS = YES_ERROR;
				CLANG_WARN_RANGE_LOOP_ANALYSIS = YES;
				CLANG_WARN_STRICT_PROTOTYPES = YES;
				CLANG_WARN_SUSPICIOUS_MOVE = YES;
				CLANG_WARN_UNGUARDED_AVAILABILITY = YES_AGGRESSIVE;
				CLANG_WARN_UNREACHABLE_CODE = YES;
				CLANG_WARN__DUPLICATE_METHOD_MATCH = YES;
				CODE_SIGN_IDENTITY = "iPhone Developer";
				COPY_PHASE_STRIP = NO;
				DEBUG_INFORMATION_FORMAT = dwarf;
				ENABLE_STRICT_OBJC_MSGSEND = YES;
				ENABLE_TESTABILITY = YES;
				GCC_C_LANGUAGE_STANDARD = gnu11;
				GCC_DYNAMIC_NO_PIC = NO;
				GCC_NO_COMMON_BLOCKS = YES;
				GCC_OPTIMIZATION_LEVEL = 0;
				GCC_PREPROCESSOR_DEFINITIONS = (
					"DEBUG=1",
					"$(inherited)",
				);
				GCC_WARN_64_TO_32_BIT_CONVERSION = YES;
				GCC_WARN_ABOUT_RETURN_TYPE = YES_ERROR;
				GCC_WARN_UNDECLARED_SELECTOR = YES;
				GCC_WARN_UNINITIALIZED_AUTOS = YES_AGGRESSIVE;
				GCC_WARN_UNUSED_FUNCTION = YES;
				GCC_WARN_UNUSED_VARIABLE = YES;
				IPHONEOS_DEPLOYMENT_TARGET = 11.2;
				MTL_ENABLE_DEBUG_INFO = YES;
				ONLY_ACTIVE_ARCH = YES;
				SDKROOT = iphoneos;
			};
			name = Debug;
		};
		18C3A690201AB10600999678 /* Release */ = {
			isa = XCBuildConfiguration;
			buildSettings = {
				ALWAYS_SEARCH_USER_PATHS = NO;
				CLANG_ANALYZER_NONNULL = YES;
				CLANG_ANALYZER_NUMBER_OBJECT_CONVERSION = YES_AGGRESSIVE;
				CLANG_CXX_LANGUAGE_STANDARD = "gnu++14";
				CLANG_CXX_LIBRARY = "libc++";
				CLANG_ENABLE_MODULES = YES;
				CLANG_ENABLE_OBJC_ARC = YES;
				CLANG_WARN_BLOCK_CAPTURE_AUTORELEASING = YES;
				CLANG_WARN_BOOL_CONVERSION = YES;
				CLANG_WARN_COMMA = YES;
				CLANG_WARN_CONSTANT_CONVERSION = YES;
				CLANG_WARN_DIRECT_OBJC_ISA_USAGE = YES_ERROR;
				CLANG_WARN_DOCUMENTATION_COMMENTS = YES;
				CLANG_WARN_EMPTY_BODY = YES;
				CLANG_WARN_ENUM_CONVERSION = YES;
				CLANG_WARN_INFINITE_RECURSION = YES;
				CLANG_WARN_INT_CONVERSION = YES;
				CLANG_WARN_NON_LITERAL_NULL_CONVERSION = YES;
				CLANG_WARN_OBJC_LITERAL_CONVERSION = YES;
				CLANG_WARN_OBJC_ROOT_CLASS = YES_ERROR;
				CLANG_WARN_RANGE_LOOP_ANALYSIS = YES;
				CLANG_WARN_STRICT_PROTOTYPES = YES;
				CLANG_WARN_SUSPICIOUS_MOVE = YES;
				CLANG_WARN_UNGUARDED_AVAILABILITY = YES_AGGRESSIVE;
				CLANG_WARN_UNREACHABLE_CODE = YES;
				CLANG_WARN__DUPLICATE_METHOD_MATCH = YES;
				CODE_SIGN_IDENTITY = "iPhone Developer";
				COPY_PHASE_STRIP = NO;
				DEBUG_INFORMATION_FORMAT = "dwarf-with-dsym";
				ENABLE_NS_ASSERTIONS = NO;
				ENABLE_STRICT_OBJC_MSGSEND = YES;
				GCC_C_LANGUAGE_STANDARD = gnu11;
				GCC_NO_COMMON_BLOCKS = YES;
				GCC_WARN_64_TO_32_BIT_CONVERSION = YES;
				GCC_WARN_ABOUT_RETURN_TYPE = YES_ERROR;
				GCC_WARN_UNDECLARED_SELECTOR = YES;
				GCC_WARN_UNINITIALIZED_AUTOS = YES_AGGRESSIVE;
				GCC_WARN_UNUSED_FUNCTION = YES;
				GCC_WARN_UNUSED_VARIABLE = YES;
				IPHONEOS_DEPLOYMENT_TARGET = 11.2;
				MTL_ENABLE_DEBUG_INFO = NO;
				SDKROOT = iphoneos;
				VALIDATE_PRODUCT = YES;
			};
			name = Release;
		};
		18C3A692201AB10600999678 /* Debug */ = {
			isa = XCBuildConfiguration;
			baseConfigurationReference = C7C971532DED831BDA9F16F6 /* Pods-CNCoreBluetooth.debug.xcconfig */;
			buildSettings = {
				ASSETCATALOG_COMPILER_APPICON_NAME = AppIcon;
				CODE_SIGN_STYLE = Automatic;
				DEVELOPMENT_TEAM = 58R7H452RZ;
				GCC_PRECOMPILE_PREFIX_HEADER = YES;
				GCC_PREFIX_HEADER = CNCoreBluetooth/PrefixHeader.pch;
				INFOPLIST_FILE = CNCoreBluetooth/Info.plist;
				IPHONEOS_DEPLOYMENT_TARGET = 8.0;
				LD_RUNPATH_SEARCH_PATHS = "$(inherited) @executable_path/Frameworks";
				PRODUCT_BUNDLE_IDENTIFIER = com.ChengNing.CNCoreBluetooth;
				PRODUCT_NAME = "$(TARGET_NAME)";
				TARGETED_DEVICE_FAMILY = "1,2";
			};
			name = Debug;
		};
		18C3A693201AB10600999678 /* Release */ = {
			isa = XCBuildConfiguration;
			baseConfigurationReference = 552EB7769CEF286813A857E9 /* Pods-CNCoreBluetooth.release.xcconfig */;
			buildSettings = {
				ASSETCATALOG_COMPILER_APPICON_NAME = AppIcon;
				CODE_SIGN_STYLE = Automatic;
				DEVELOPMENT_TEAM = 58R7H452RZ;
				GCC_PRECOMPILE_PREFIX_HEADER = YES;
				GCC_PREFIX_HEADER = CNCoreBluetooth/PrefixHeader.pch;
				INFOPLIST_FILE = CNCoreBluetooth/Info.plist;
				IPHONEOS_DEPLOYMENT_TARGET = 8.0;
				LD_RUNPATH_SEARCH_PATHS = "$(inherited) @executable_path/Frameworks";
				PRODUCT_BUNDLE_IDENTIFIER = com.ChengNing.CNCoreBluetooth;
				PRODUCT_NAME = "$(TARGET_NAME)";
				TARGETED_DEVICE_FAMILY = "1,2";
			};
			name = Release;
		};
		18C3A695201AB10600999678 /* Debug */ = {
			isa = XCBuildConfiguration;
			buildSettings = {
				CODE_SIGN_STYLE = Automatic;
				DEVELOPMENT_TEAM = 58R7H452RZ;
				INFOPLIST_FILE = CNCoreBluetoothUITests/Info.plist;
				LD_RUNPATH_SEARCH_PATHS = "$(inherited) @executable_path/Frameworks @loader_path/Frameworks";
				PRODUCT_BUNDLE_IDENTIFIER = com.ChengNing.CNCoreBluetoothUITests;
				PRODUCT_NAME = "$(TARGET_NAME)";
				TARGETED_DEVICE_FAMILY = "1,2";
				TEST_TARGET_NAME = CNCoreBluetooth;
			};
			name = Debug;
		};
		18C3A696201AB10600999678 /* Release */ = {
			isa = XCBuildConfiguration;
			buildSettings = {
				CODE_SIGN_STYLE = Automatic;
				DEVELOPMENT_TEAM = 58R7H452RZ;
				INFOPLIST_FILE = CNCoreBluetoothUITests/Info.plist;
				LD_RUNPATH_SEARCH_PATHS = "$(inherited) @executable_path/Frameworks @loader_path/Frameworks";
				PRODUCT_BUNDLE_IDENTIFIER = com.ChengNing.CNCoreBluetoothUITests;
				PRODUCT_NAME = "$(TARGET_NAME)";
				TARGETED_DEVICE_FAMILY = "1,2";
				TEST_TARGET_NAME = CNCoreBluetooth;
			};
			name = Release;
		};
/* End XCBuildConfiguration section */

/* Begin XCConfigurationList section */
		18C3A66B201AB10600999678 /* Build configuration list for PBXProject "CNCoreBluetooth" */ = {
			isa = XCConfigurationList;
			buildConfigurations = (
				18C3A68F201AB10600999678 /* Debug */,
				18C3A690201AB10600999678 /* Release */,
			);
			defaultConfigurationIsVisible = 0;
			defaultConfigurationName = Release;
		};
		18C3A691201AB10600999678 /* Build configuration list for PBXNativeTarget "CNCoreBluetooth" */ = {
			isa = XCConfigurationList;
			buildConfigurations = (
				18C3A692201AB10600999678 /* Debug */,
				18C3A693201AB10600999678 /* Release */,
			);
			defaultConfigurationIsVisible = 0;
			defaultConfigurationName = Release;
		};
		18C3A694201AB10600999678 /* Build configuration list for PBXNativeTarget "CNCoreBluetoothUITests" */ = {
			isa = XCConfigurationList;
			buildConfigurations = (
				18C3A695201AB10600999678 /* Debug */,
				18C3A696201AB10600999678 /* Release */,
			);
			defaultConfigurationIsVisible = 0;
			defaultConfigurationName = Release;
		};
/* End XCConfigurationList section */
	};
	rootObject = 18C3A668201AB10600999678 /* Project object */;
}
